
Microsoft Visual Studio Solution File, Format Version 12.00
# Visual Studio Version 17
VisualStudioVersion = 17.0.32112.339
MinimumVisualStudioVersion = 10.0.40219.1
Project("{2150E333-8FDC-42A3-9474-1A3956D46DE8}") = "EventBus", "EventBus", "{2F224C01-3DAD-48E6-A83D-F3AB16D98AB9}"
EndProject
Project("{2150E333-8FDC-42A3-9474-1A3956D46DE8}") = "EventBus.Base", "EventBus.Base", "{2FFAD4F4-5484-490D-B119-FE84C4DFA09B}"
EndProject
Project("{2150E333-8FDC-42A3-9474-1A3956D46DE8}") = "EventBus.RabbitMQ", "EventBus.RabbitMQ", "{7B765368-5B2D-4DD7-83C3-461217E55047}"
EndProject
Project("{9A19103F-16F7-4668-BE54-9A1E7A4F7556}") = "EventBus.RabbitMQ", "EventBus\EventBus.RabbitMQ\EventBus.RabbitMQ.csproj", "{BCB41A04-2EF1-434F-8C6B-0C4779E7704B}"
EndProject
Project("{9A19103F-16F7-4668-BE54-9A1E7A4F7556}") = "EventBus.Base", "EventBus\EventBus.Base\EventBus.Base.csproj", "{17521F06-F6CA-4A64-854B-889AE15BF0F5}"
EndProject
Project("{2150E333-8FDC-42A3-9474-1A3956D46DE8}") = "Services", "Services", "{4A695E08-8DF6-4FCA-A502-27288E76D349}"
EndProject
Project("{2150E333-8FDC-42A3-9474-1A3956D46DE8}") = "BookAPI.Service", "BookAPI.Service", "{C3325BD4-5FBA-456E-92E1-F061E71BFA66}"
EndProject
Project("{9A19103F-16F7-4668-BE54-9A1E7A4F7556}") = "BookAPI.Service", "Services\BookAPI.Service\BookAPI.Service.csproj", "{730F4ECD-32A3-4716-87A1-742DB374EF3F}"
EndProject
Project("{2150E333-8FDC-42A3-9474-1A3956D46DE8}") = "BorrowAPI.Service", "BorrowAPI.Service", "{54E95AE2-2EA7-4999-80E4-F6F95FBE7391}"
EndProject
Project("{9A19103F-16F7-4668-BE54-9A1E7A4F7556}") = "BorrowAPI.Service", "Services\BorrowAPI.Service\BorrowAPI.Service.csproj", "{41D387B8-CBA8-4F65-92A5-8C94B43C14DD}"
EndProject
Project("{2150E333-8FDC-42A3-9474-1A3956D46DE8}") = "EventBus.Factory", "EventBus.Factory", "{162A8BE4-0710-4C67-BC30-7624951EF3C1}"
EndProject
Project("{FAE04EC0-301F-11D3-BF4B-00C04F79EFBC}") = "EventBus.Factory", "EventBus\EventBus.Factory\EventBus.Factory.csproj", "{3DAFE3B4-0088-430D-B0CF-90ACE5FF1709}"
EndProject
Project("{2150E333-8FDC-42A3-9474-1A3956D46DE8}") = "Shared", "Shared", "{83B5E739-C46A-425E-8BC8-104BD122F28D}"
EndProject
Project("{FAE04EC0-301F-11D3-BF4B-00C04F79EFBC}") = "Shared.Libary", "Shared\Shared.Libary\Shared.Libary.csproj", "{35BF4705-651E-4A47-BB86-28C19A885E8E}"
EndProject
Global
	GlobalSection(SolutionConfigurationPlatforms) = preSolution
		Debug|Any CPU = Debug|Any CPU
		Release|Any CPU = Release|Any CPU
	EndGlobalSection
	GlobalSection(ProjectConfigurationPlatforms) = postSolution
		{BCB41A04-2EF1-434F-8C6B-0C4779E7704B}.Debug|Any CPU.ActiveCfg = Debug|Any CPU
		{BCB41A04-2EF1-434F-8C6B-0C4779E7704B}.Debug|Any CPU.Build.0 = Debug|Any CPU
		{BCB41A04-2EF1-434F-8C6B-0C4779E7704B}.Release|Any CPU.ActiveCfg = Release|Any CPU
		{BCB41A04-2EF1-434F-8C6B-0C4779E7704B}.Release|Any CPU.Build.0 = Release|Any CPU
		{17521F06-F6CA-4A64-854B-889AE15BF0F5}.Debug|Any CPU.ActiveCfg = Debug|Any CPU
		{17521F06-F6CA-4A64-854B-889AE15BF0F5}.Debug|Any CPU.Build.0 = Debug|Any CPU
		{17521F06-F6CA-4A64-854B-889AE15BF0F5}.Release|Any CPU.ActiveCfg = Release|Any CPU
		{17521F06-F6CA-4A64-854B-889AE15BF0F5}.Release|Any CPU.Build.0 = Release|Any CPU
		{730F4ECD-32A3-4716-87A1-742DB374EF3F}.Debug|Any CPU.ActiveCfg = Debug|Any CPU
		{730F4ECD-32A3-4716-87A1-742DB374EF3F}.Debug|Any CPU.Build.0 = Debug|Any CPU
		{730F4ECD-32A3-4716-87A1-742DB374EF3F}.Release|Any CPU.ActiveCfg = Release|Any CPU
		{730F4ECD-32A3-4716-87A1-742DB374EF3F}.Release|Any CPU.Build.0 = Release|Any CPU
		{41D387B8-CBA8-4F65-92A5-8C94B43C14DD}.Debug|Any CPU.ActiveCfg = Debug|Any CPU
		{41D387B8-CBA8-4F65-92A5-8C94B43C14DD}.Debug|Any CPU.Build.0 = Debug|Any CPU
		{41D387B8-CBA8-4F65-92A5-8C94B43C14DD}.Release|Any CPU.ActiveCfg = Release|Any CPU
		{41D387B8-CBA8-4F65-92A5-8C94B43C14DD}.Release|Any CPU.Build.0 = Release|Any CPU
		{3DAFE3B4-0088-430D-B0CF-90ACE5FF1709}.Debug|Any CPU.ActiveCfg = Debug|Any CPU
		{3DAFE3B4-0088-430D-B0CF-90ACE5FF1709}.Debug|Any CPU.Build.0 = Debug|Any CPU
		{3DAFE3B4-0088-430D-B0CF-90ACE5FF1709}.Release|Any CPU.ActiveCfg = Release|Any CPU
		{3DAFE3B4-0088-430D-B0CF-90ACE5FF1709}.Release|Any CPU.Build.0 = Release|Any CPU
		{35BF4705-651E-4A47-BB86-28C19A885E8E}.Debug|Any CPU.ActiveCfg = Debug|Any CPU
		{35BF4705-651E-4A47-BB86-28C19A885E8E}.Debug|Any CPU.Build.0 = Debug|Any CPU
		{35BF4705-651E-4A47-BB86-28C19A885E8E}.Release|Any CPU.ActiveCfg = Release|Any CPU
		{35BF4705-651E-4A47-BB86-28C19A885E8E}.Release|Any CPU.Build.0 = Release|Any CPU
	EndGlobalSection
	GlobalSection(SolutionProperties) = preSolution
		HideSolutionNode = FALSE
	EndGlobalSection
	GlobalSection(NestedProjects) = preSolution
		{2FFAD4F4-5484-490D-B119-FE84C4DFA09B} = {2F224C01-3DAD-48E6-A83D-F3AB16D98AB9}
		{7B765368-5B2D-4DD7-83C3-461217E55047} = {2F224C01-3DAD-48E6-A83D-F3AB16D98AB9}
		{BCB41A04-2EF1-434F-8C6B-0C4779E7704B} = {7B765368-5B2D-4DD7-83C3-461217E55047}
		{17521F06-F6CA-4A64-854B-889AE15BF0F5} = {2FFAD4F4-5484-490D-B119-FE84C4DFA09B}
		{C3325BD4-5FBA-456E-92E1-F061E71BFA66} = {4A695E08-8DF6-4FCA-A502-27288E76D349}
		{730F4ECD-32A3-4716-87A1-742DB374EF3F} = {C3325BD4-5FBA-456E-92E1-F061E71BFA66}
		{54E95AE2-2EA7-4999-80E4-F6F95FBE7391} = {4A695E08-8DF6-4FCA-A502-27288E76D349}
		{41D387B8-CBA8-4F65-92A5-8C94B43C14DD} = {54E95AE2-2EA7-4999-80E4-F6F95FBE7391}
		{162A8BE4-0710-4C67-BC30-7624951EF3C1} = {2F224C01-3DAD-48E6-A83D-F3AB16D98AB9}
		{3DAFE3B4-0088-430D-B0CF-90ACE5FF1709} = {162A8BE4-0710-4C67-BC30-7624951EF3C1}
		{35BF4705-651E-4A47-BB86-28C19A885E8E} = {83B5E739-C46A-425E-8BC8-104BD122F28D}
	EndGlobalSection
	GlobalSection(ExtensibilityGlobals) = postSolution
		SolutionGuid = {629ED082-0BAA-4BCB-A2E2-38D3B9832F16}
	EndGlobalSection
EndGlobal
